// !$*UTF8*$!
{
	archiveVersion = 1;
	classes = {
	};
	objectVersion = 48;
	objects = {

/* Begin PBXBuildFile section */
		0A10069D201691A800FA3A1D /* GuillotineMenuTransitionAnimation.swift in Sources */ = {isa = PBXBuildFile; fileRef = 0A10069C201691A800FA3A1D /* GuillotineMenuTransitionAnimation.swift */; };
		0A221BF91FAD40C200A5BF8C /* AppDelegate.swift in Sources */ = {isa = PBXBuildFile; fileRef = 0A221BF81FAD40C200A5BF8C /* AppDelegate.swift */; };
		0A221BFE1FAD40C200A5BF8C /* Main.storyboard in Resources */ = {isa = PBXBuildFile; fileRef = 0A221BFC1FAD40C200A5BF8C /* Main.storyboard */; };
		0A221C001FAD40C200A5BF8C /* Assets.xcassets in Resources */ = {isa = PBXBuildFile; fileRef = 0A221BFF1FAD40C200A5BF8C /* Assets.xcassets */; };
		0A221C031FAD40C200A5BF8C /* LaunchScreen.storyboard in Resources */ = {isa = PBXBuildFile; fileRef = 0A221C011FAD40C200A5BF8C /* LaunchScreen.storyboard */; };
		0A221C0E1FAD40C700A5BF8C /* ProximityTests.swift in Sources */ = {isa = PBXBuildFile; fileRef = 0A221C0D1FAD40C700A5BF8C /* ProximityTests.swift */; };
		0A221C191FAD40C700A5BF8C /* ProximityUITests.swift in Sources */ = {isa = PBXBuildFile; fileRef = 0A221C181FAD40C700A5BF8C /* ProximityUITests.swift */; };
		0A221C2C1FAE216700A5BF8C /* Pods_Proximity.framework in Frameworks */ = {isa = PBXBuildFile; fileRef = 97EEB1ADEECE8480D53A8B81 /* Pods_Proximity.framework */; };
		0A221C2D1FAE216700A5BF8C /* Pods_Proximity.framework in Embed Frameworks */ = {isa = PBXBuildFile; fileRef = 97EEB1ADEECE8480D53A8B81 /* Pods_Proximity.framework */; settings = {ATTRIBUTES = (CodeSignOnCopy, RemoveHeadersOnCopy, ); }; };
		0A221C321FAFB96F00A5BF8C /* ChatViewController.swift in Sources */ = {isa = PBXBuildFile; fileRef = 0A221C311FAFB96F00A5BF8C /* ChatViewController.swift */; };
		0A221C361FAFB99300A5BF8C /* SettingsViewController.swift in Sources */ = {isa = PBXBuildFile; fileRef = 0A221C351FAFB99300A5BF8C /* SettingsViewController.swift */; };
		0A221C381FAFB9AF00A5BF8C /* AddViewController.swift in Sources */ = {isa = PBXBuildFile; fileRef = 0A221C371FAFB9AF00A5BF8C /* AddViewController.swift */; };
		0A221C3A1FAFB9BA00A5BF8C /* CreateChatViewController.swift in Sources */ = {isa = PBXBuildFile; fileRef = 0A221C391FAFB9BA00A5BF8C /* CreateChatViewController.swift */; };
		0A221C3C1FAFB9FB00A5BF8C /* ProfileViewController.swift in Sources */ = {isa = PBXBuildFile; fileRef = 0A221C3B1FAFB9FB00A5BF8C /* ProfileViewController.swift */; };
		0A2B16531FAFDF12005F8DF6 /* FirebaseHelper.swift in Sources */ = {isa = PBXBuildFile; fileRef = 0A2B16521FAFDF12005F8DF6 /* FirebaseHelper.swift */; };
		0A2B16551FAFDF4B005F8DF6 /* ClassStructs.swift in Sources */ = {isa = PBXBuildFile; fileRef = 0A2B16541FAFDF4B005F8DF6 /* ClassStructs.swift */; };
		0A2B16571FAFF63D005F8DF6 /* SelectionView.swift in Sources */ = {isa = PBXBuildFile; fileRef = 0A2B16561FAFF63D005F8DF6 /* SelectionView.swift */; };
		0A308D6D1FCCF43A00A6EF0E /* ForgotPasswordViewController.swift in Sources */ = {isa = PBXBuildFile; fileRef = 0A308D6C1FCCF43800A6EF0E /* ForgotPasswordViewController.swift */; };
		0A3E5285200EC33C002BA2B5 /* StartingViewController.swift in Sources */ = {isa = PBXBuildFile; fileRef = 0A3E5284200EC33C002BA2B5 /* StartingViewController.swift */; };
		0A54895C1FD4656E009F4F7D /* ChatMessageCell.swift in Sources */ = {isa = PBXBuildFile; fileRef = 0A54895B1FD4656E009F4F7D /* ChatMessageCell.swift */; };
		0A5BEC4A2014F52A006AC273 /* BubbleTransition.swift in Sources */ = {isa = PBXBuildFile; fileRef = 0A5BEC482014F52A006AC273 /* BubbleTransition.swift */; };
		0A5BEC4B2014F52A006AC273 /* TransitionMode.swift in Sources */ = {isa = PBXBuildFile; fileRef = 0A5BEC492014F52A006AC273 /* TransitionMode.swift */; };
		0A5BEC5320150CDA006AC273 /* spinner.gif in Resources */ = {isa = PBXBuildFile; fileRef = 0A5BEC5220150CDA006AC273 /* spinner.gif */; };
		0A6CBD301FFE6C420028113D /* DisplayImageView.swift in Sources */ = {isa = PBXBuildFile; fileRef = 0A6CBD2F1FFE6C420028113D /* DisplayImageView.swift */; };
		0A95D4591FE2097F00F657A9 /* PlaceViewerViewController.swift in Sources */ = {isa = PBXBuildFile; fileRef = 0A95D4581FE2097F00F657A9 /* PlaceViewerViewController.swift */; };
		0A9EB45D1FBD1349008D2EBD /* Raleway-Regular.ttf in Resources */ = {isa = PBXBuildFile; fileRef = 0A9EB45B1FBD12A9008D2EBD /* Raleway-Regular.ttf */; };
		0A9EB45E1FBD1349008D2EBD /* Raleway-SemiBold.ttf in Resources */ = {isa = PBXBuildFile; fileRef = 0A9EB45C1FBD12AA008D2EBD /* Raleway-SemiBold.ttf */; };
		0A9EB45F1FBD1349008D2EBD /* Raleway-Thin.ttf in Resources */ = {isa = PBXBuildFile; fileRef = 0A9EB45A1FBD12A9008D2EBD /* Raleway-Thin.ttf */; };
		0AF322AB1FCB8B3200FC7CC4 /* RegistrationViewController.swift in Sources */ = {isa = PBXBuildFile; fileRef = 0AF322AA1FCB8B3100FC7CC4 /* RegistrationViewController.swift */; };
		0AF7545D1FC4F1B90067B4AE /* GoogleService-Info.plist in Resources */ = {isa = PBXBuildFile; fileRef = 0AF7545C1FC4F1B90067B4AE /* GoogleService-Info.plist */; };
		0AF7545F1FC60A910067B4AE /* SignInViewController.swift in Sources */ = {isa = PBXBuildFile; fileRef = 0AF7545E1FC60A910067B4AE /* SignInViewController.swift */; };
/* End PBXBuildFile section */

/* Begin PBXContainerItemProxy section */
		0A221C0A1FAD40C600A5BF8C /* PBXContainerItemProxy */ = {
			isa = PBXContainerItemProxy;
			containerPortal = 0A221BED1FAD40BE00A5BF8C /* Project object */;
			proxyType = 1;
			remoteGlobalIDString = 0A221BF41FAD40C100A5BF8C;
			remoteInfo = Proximity;
		};
		0A221C151FAD40C700A5BF8C /* PBXContainerItemProxy */ = {
			isa = PBXContainerItemProxy;
			containerPortal = 0A221BED1FAD40BE00A5BF8C /* Project object */;
			proxyType = 1;
			remoteGlobalIDString = 0A221BF41FAD40C100A5BF8C;
			remoteInfo = Proximity;
		};
/* End PBXContainerItemProxy section */

/* Begin PBXCopyFilesBuildPhase section */
		0A221C2E1FAE216700A5BF8C /* Embed Frameworks */ = {
			isa = PBXCopyFilesBuildPhase;
			buildActionMask = 2147483647;
			dstPath = "";
			dstSubfolderSpec = 10;
			files = (
				0A221C2D1FAE216700A5BF8C /* Pods_Proximity.framework in Embed Frameworks */,
			);
			name = "Embed Frameworks";
			runOnlyForDeploymentPostprocessing = 0;
		};
/* End PBXCopyFilesBuildPhase section */

/* Begin PBXFileReference section */
		0A10069C201691A800FA3A1D /* GuillotineMenuTransitionAnimation.swift */ = {isa = PBXFileReference; fileEncoding = 4; lastKnownFileType = sourcecode.swift; path = GuillotineMenuTransitionAnimation.swift; sourceTree = "<group>"; };
		0A221BF51FAD40C100A5BF8C /* Proximity.app */ = {isa = PBXFileReference; explicitFileType = wrapper.application; includeInIndex = 0; path = Proximity.app; sourceTree = BUILT_PRODUCTS_DIR; };
		0A221BF81FAD40C200A5BF8C /* AppDelegate.swift */ = {isa = PBXFileReference; lastKnownFileType = sourcecode.swift; path = AppDelegate.swift; sourceTree = "<group>"; };
		0A221BFD1FAD40C200A5BF8C /* Base */ = {isa = PBXFileReference; lastKnownFileType = file.storyboard; name = Base; path = Base.lproj/Main.storyboard; sourceTree = "<group>"; };
		0A221BFF1FAD40C200A5BF8C /* Assets.xcassets */ = {isa = PBXFileReference; lastKnownFileType = folder.assetcatalog; path = Assets.xcassets; sourceTree = "<group>"; };
		0A221C021FAD40C200A5BF8C /* Base */ = {isa = PBXFileReference; lastKnownFileType = file.storyboard; name = Base; path = Base.lproj/LaunchScreen.storyboard; sourceTree = "<group>"; };
		0A221C041FAD40C300A5BF8C /* Info.plist */ = {isa = PBXFileReference; lastKnownFileType = text.plist.xml; path = Info.plist; sourceTree = "<group>"; };
		0A221C091FAD40C600A5BF8C /* ProximityTests.xctest */ = {isa = PBXFileReference; explicitFileType = wrapper.cfbundle; includeInIndex = 0; path = ProximityTests.xctest; sourceTree = BUILT_PRODUCTS_DIR; };
		0A221C0D1FAD40C700A5BF8C /* ProximityTests.swift */ = {isa = PBXFileReference; lastKnownFileType = sourcecode.swift; path = ProximityTests.swift; sourceTree = "<group>"; };
		0A221C0F1FAD40C700A5BF8C /* Info.plist */ = {isa = PBXFileReference; lastKnownFileType = text.plist.xml; path = Info.plist; sourceTree = "<group>"; };
		0A221C141FAD40C700A5BF8C /* ProximityUITests.xctest */ = {isa = PBXFileReference; explicitFileType = wrapper.cfbundle; includeInIndex = 0; path = ProximityUITests.xctest; sourceTree = BUILT_PRODUCTS_DIR; };
		0A221C181FAD40C700A5BF8C /* ProximityUITests.swift */ = {isa = PBXFileReference; lastKnownFileType = sourcecode.swift; path = ProximityUITests.swift; sourceTree = "<group>"; };
		0A221C1A1FAD40C700A5BF8C /* Info.plist */ = {isa = PBXFileReference; lastKnownFileType = text.plist.xml; path = Info.plist; sourceTree = "<group>"; };
		0A221C311FAFB96F00A5BF8C /* ChatViewController.swift */ = {isa = PBXFileReference; lastKnownFileType = sourcecode.swift; path = ChatViewController.swift; sourceTree = "<group>"; };
		0A221C351FAFB99300A5BF8C /* SettingsViewController.swift */ = {isa = PBXFileReference; lastKnownFileType = sourcecode.swift; path = SettingsViewController.swift; sourceTree = "<group>"; };
		0A221C371FAFB9AF00A5BF8C /* AddViewController.swift */ = {isa = PBXFileReference; lastKnownFileType = sourcecode.swift; path = AddViewController.swift; sourceTree = "<group>"; };
		0A221C391FAFB9BA00A5BF8C /* CreateChatViewController.swift */ = {isa = PBXFileReference; lastKnownFileType = sourcecode.swift; path = CreateChatViewController.swift; sourceTree = "<group>"; };
		0A221C3B1FAFB9FB00A5BF8C /* ProfileViewController.swift */ = {isa = PBXFileReference; lastKnownFileType = sourcecode.swift; path = ProfileViewController.swift; sourceTree = "<group>"; };
		0A2B16521FAFDF12005F8DF6 /* FirebaseHelper.swift */ = {isa = PBXFileReference; lastKnownFileType = sourcecode.swift; path = FirebaseHelper.swift; sourceTree = "<group>"; };
		0A2B16541FAFDF4B005F8DF6 /* ClassStructs.swift */ = {isa = PBXFileReference; lastKnownFileType = sourcecode.swift; path = ClassStructs.swift; sourceTree = "<group>"; };
		0A2B16561FAFF63D005F8DF6 /* SelectionView.swift */ = {isa = PBXFileReference; lastKnownFileType = sourcecode.swift; path = SelectionView.swift; sourceTree = "<group>"; };
		0A308D6C1FCCF43800A6EF0E /* ForgotPasswordViewController.swift */ = {isa = PBXFileReference; lastKnownFileType = sourcecode.swift; path = ForgotPasswordViewController.swift; sourceTree = "<group>"; };
		0A3E5284200EC33C002BA2B5 /* StartingViewController.swift */ = {isa = PBXFileReference; lastKnownFileType = sourcecode.swift; path = StartingViewController.swift; sourceTree = "<group>"; };
		0A54895B1FD4656E009F4F7D /* ChatMessageCell.swift */ = {isa = PBXFileReference; lastKnownFileType = sourcecode.swift; path = ChatMessageCell.swift; sourceTree = "<group>"; };
		0A5BEC482014F52A006AC273 /* BubbleTransition.swift */ = {isa = PBXFileReference; fileEncoding = 4; lastKnownFileType = sourcecode.swift; path = BubbleTransition.swift; sourceTree = "<group>"; };
		0A5BEC492014F52A006AC273 /* TransitionMode.swift */ = {isa = PBXFileReference; fileEncoding = 4; lastKnownFileType = sourcecode.swift; path = TransitionMode.swift; sourceTree = "<group>"; };
		0A5BEC5220150CDA006AC273 /* spinner.gif */ = {isa = PBXFileReference; lastKnownFileType = image.gif; path = spinner.gif; sourceTree = "<group>"; };
		0A6CBD2F1FFE6C420028113D /* DisplayImageView.swift */ = {isa = PBXFileReference; lastKnownFileType = sourcecode.swift; path = DisplayImageView.swift; sourceTree = "<group>"; };
		0A95D4581FE2097F00F657A9 /* PlaceViewerViewController.swift */ = {isa = PBXFileReference; lastKnownFileType = sourcecode.swift; path = PlaceViewerViewController.swift; sourceTree = "<group>"; };
		0A9EB45A1FBD12A9008D2EBD /* Raleway-Thin.ttf */ = {isa = PBXFileReference; lastKnownFileType = file; path = "Raleway-Thin.ttf"; sourceTree = "<group>"; };
		0A9EB45B1FBD12A9008D2EBD /* Raleway-Regular.ttf */ = {isa = PBXFileReference; lastKnownFileType = file; path = "Raleway-Regular.ttf"; sourceTree = "<group>"; };
		0A9EB45C1FBD12AA008D2EBD /* Raleway-SemiBold.ttf */ = {isa = PBXFileReference; lastKnownFileType = file; path = "Raleway-SemiBold.ttf"; sourceTree = "<group>"; };
		0AF322AA1FCB8B3100FC7CC4 /* RegistrationViewController.swift */ = {isa = PBXFileReference; lastKnownFileType = sourcecode.swift; path = RegistrationViewController.swift; sourceTree = "<group>"; };
		0AF7545C1FC4F1B90067B4AE /* GoogleService-Info.plist */ = {isa = PBXFileReference; fileEncoding = 4; lastKnownFileType = text.plist.xml; path = "GoogleService-Info.plist"; sourceTree = "<group>"; };
		0AF7545E1FC60A910067B4AE /* SignInViewController.swift */ = {isa = PBXFileReference; lastKnownFileType = sourcecode.swift; path = SignInViewController.swift; sourceTree = "<group>"; };
		97EEB1ADEECE8480D53A8B81 /* Pods_Proximity.framework */ = {isa = PBXFileReference; explicitFileType = wrapper.framework; includeInIndex = 0; path = Pods_Proximity.framework; sourceTree = BUILT_PRODUCTS_DIR; };
		BD20C0B88AE16CD5C0B66D05 /* Pods-Proximity.debug.xcconfig */ = {isa = PBXFileReference; includeInIndex = 1; lastKnownFileType = text.xcconfig; name = "Pods-Proximity.debug.xcconfig"; path = "Pods/Target Support Files/Pods-Proximity/Pods-Proximity.debug.xcconfig"; sourceTree = "<group>"; };
		EF72228E2B506610CA7ABA3F /* Pods-Proximity.release.xcconfig */ = {isa = PBXFileReference; includeInIndex = 1; lastKnownFileType = text.xcconfig; name = "Pods-Proximity.release.xcconfig"; path = "Pods/Target Support Files/Pods-Proximity/Pods-Proximity.release.xcconfig"; sourceTree = "<group>"; };
/* End PBXFileReference section */

/* Begin PBXFrameworksBuildPhase section */
		0A221BF21FAD40C100A5BF8C /* Frameworks */ = {
			isa = PBXFrameworksBuildPhase;
			buildActionMask = 2147483647;
			files = (
				0A221C2C1FAE216700A5BF8C /* Pods_Proximity.framework in Frameworks */,
			);
			runOnlyForDeploymentPostprocessing = 0;
		};
		0A221C061FAD40C600A5BF8C /* Frameworks */ = {
			isa = PBXFrameworksBuildPhase;
			buildActionMask = 2147483647;
			files = (
			);
			runOnlyForDeploymentPostprocessing = 0;
		};
		0A221C111FAD40C700A5BF8C /* Frameworks */ = {
			isa = PBXFrameworksBuildPhase;
			buildActionMask = 2147483647;
			files = (
			);
			runOnlyForDeploymentPostprocessing = 0;
		};
/* End PBXFrameworksBuildPhase section */

/* Begin PBXGroup section */
		0A221BEC1FAD40BE00A5BF8C = {
			isa = PBXGroup;
			children = (
				0A221BF71FAD40C100A5BF8C /* Proximity */,
				0A221C0C1FAD40C700A5BF8C /* ProximityTests */,
				0A221C171FAD40C700A5BF8C /* ProximityUITests */,
				0A221BF61FAD40C100A5BF8C /* Products */,
				9A0512351631DD3B6EF9D960 /* Pods */,
				CAB262541D342BF40CBAEE9E /* Frameworks */,
			);
			sourceTree = "<group>";
		};
		0A221BF61FAD40C100A5BF8C /* Products */ = {
			isa = PBXGroup;
			children = (
				0A221BF51FAD40C100A5BF8C /* Proximity.app */,
				0A221C091FAD40C600A5BF8C /* ProximityTests.xctest */,
				0A221C141FAD40C700A5BF8C /* ProximityUITests.xctest */,
			);
			name = Products;
			sourceTree = "<group>";
		};
		0A221BF71FAD40C100A5BF8C /* Proximity */ = {
			isa = PBXGroup;
			children = (
				0A6CBD2B1FFE6BB30028113D /* View Controllers */,
				0A6CBD2C1FFE6BCD0028113D /* Supporting Views */,
				0A6CBD2D1FFE6BF10028113D /* Supporting Files */,
				0A6CBD2E1FFE6C090028113D /* Resources */,
				0A221BFC1FAD40C200A5BF8C /* Main.storyboard */,
				0A221C011FAD40C200A5BF8C /* LaunchScreen.storyboard */,
				0A221C041FAD40C300A5BF8C /* Info.plist */,
			);
			path = Proximity;
			sourceTree = "<group>";
		};
		0A221C0C1FAD40C700A5BF8C /* ProximityTests */ = {
			isa = PBXGroup;
			children = (
				0A221C0D1FAD40C700A5BF8C /* ProximityTests.swift */,
				0A221C0F1FAD40C700A5BF8C /* Info.plist */,
			);
			path = ProximityTests;
			sourceTree = "<group>";
		};
		0A221C171FAD40C700A5BF8C /* ProximityUITests */ = {
			isa = PBXGroup;
			children = (
				0A221C181FAD40C700A5BF8C /* ProximityUITests.swift */,
				0A221C1A1FAD40C700A5BF8C /* Info.plist */,
			);
			path = ProximityUITests;
			sourceTree = "<group>";
		};
		0A6CBD2B1FFE6BB30028113D /* View Controllers */ = {
			isa = PBXGroup;
			children = (
				0AF7545E1FC60A910067B4AE /* SignInViewController.swift */,
				0A308D6C1FCCF43800A6EF0E /* ForgotPasswordViewController.swift */,
				0AF322AA1FCB8B3100FC7CC4 /* RegistrationViewController.swift */,
				0A221C391FAFB9BA00A5BF8C /* CreateChatViewController.swift */,
				0A95D4581FE2097F00F657A9 /* PlaceViewerViewController.swift */,
				0A221C311FAFB96F00A5BF8C /* ChatViewController.swift */,
				0A221C351FAFB99300A5BF8C /* SettingsViewController.swift */,
				0A221C3B1FAFB9FB00A5BF8C /* ProfileViewController.swift */,
				0A221C371FAFB9AF00A5BF8C /* AddViewController.swift */,
				0A3E5284200EC33C002BA2B5 /* StartingViewController.swift */,
			);
			path = "View Controllers";
			sourceTree = "<group>";
		};
		0A6CBD2C1FFE6BCD0028113D /* Supporting Views */ = {
			isa = PBXGroup;
			children = (
				0A2B16561FAFF63D005F8DF6 /* SelectionView.swift */,
				0A54895B1FD4656E009F4F7D /* ChatMessageCell.swift */,
				0A6CBD2F1FFE6C420028113D /* DisplayImageView.swift */,
			);
			path = "Supporting Views";
			sourceTree = "<group>";
		};
		0A6CBD2D1FFE6BF10028113D /* Supporting Files */ = {
			isa = PBXGroup;
			children = (
				0A5BEC482014F52A006AC273 /* BubbleTransition.swift */,
				0A5BEC492014F52A006AC273 /* TransitionMode.swift */,
				0A221BF81FAD40C200A5BF8C /* AppDelegate.swift */,
				0A2B16521FAFDF12005F8DF6 /* FirebaseHelper.swift */,
				0A2B16541FAFDF4B005F8DF6 /* ClassStructs.swift */,
			);
			path = "Supporting Files";
			sourceTree = "<group>";
		};
		0A6CBD2E1FFE6C090028113D /* Resources */ = {
			isa = PBXGroup;
			children = (
				0A10069C201691A800FA3A1D /* GuillotineMenuTransitionAnimation.swift */,
				0A5BEC5220150CDA006AC273 /* spinner.gif */,
				0AF7545C1FC4F1B90067B4AE /* GoogleService-Info.plist */,
				0A9EB45B1FBD12A9008D2EBD /* Raleway-Regular.ttf */,
				0A9EB45C1FBD12AA008D2EBD /* Raleway-SemiBold.ttf */,
				0A9EB45A1FBD12A9008D2EBD /* Raleway-Thin.ttf */,
				0A221BFF1FAD40C200A5BF8C /* Assets.xcassets */,
			);
			path = Resources;
			sourceTree = "<group>";
		};
		9A0512351631DD3B6EF9D960 /* Pods */ = {
			isa = PBXGroup;
			children = (
				BD20C0B88AE16CD5C0B66D05 /* Pods-Proximity.debug.xcconfig */,
				EF72228E2B506610CA7ABA3F /* Pods-Proximity.release.xcconfig */,
			);
			name = Pods;
			sourceTree = "<group>";
		};
		CAB262541D342BF40CBAEE9E /* Frameworks */ = {
			isa = PBXGroup;
			children = (
				97EEB1ADEECE8480D53A8B81 /* Pods_Proximity.framework */,
			);
			name = Frameworks;
			sourceTree = "<group>";
		};
/* End PBXGroup section */

/* Begin PBXNativeTarget section */
		0A221BF41FAD40C100A5BF8C /* Proximity */ = {
			isa = PBXNativeTarget;
			buildConfigurationList = 0A221C1D1FAD40C700A5BF8C /* Build configuration list for PBXNativeTarget "Proximity" */;
			buildPhases = (
				A930D321F6F7847A2079CDFC /* [CP] Check Pods Manifest.lock */,
				0A221BF11FAD40C100A5BF8C /* Sources */,
				0A221BF21FAD40C100A5BF8C /* Frameworks */,
				0A221BF31FAD40C100A5BF8C /* Resources */,
				AA221C57CF53CE476174EF0C /* [CP] Embed Pods Frameworks */,
				3920AD43D771EDDB47D89233 /* [CP] Copy Pods Resources */,
				0A221C2E1FAE216700A5BF8C /* Embed Frameworks */,
			);
			buildRules = (
			);
			dependencies = (
			);
			name = Proximity;
			productName = Proximity;
			productReference = 0A221BF51FAD40C100A5BF8C /* Proximity.app */;
			productType = "com.apple.product-type.application";
		};
		0A221C081FAD40C600A5BF8C /* ProximityTests */ = {
			isa = PBXNativeTarget;
			buildConfigurationList = 0A221C201FAD40C700A5BF8C /* Build configuration list for PBXNativeTarget "ProximityTests" */;
			buildPhases = (
				0A221C051FAD40C600A5BF8C /* Sources */,
				0A221C061FAD40C600A5BF8C /* Frameworks */,
				0A221C071FAD40C600A5BF8C /* Resources */,
			);
			buildRules = (
			);
			dependencies = (
				0A221C0B1FAD40C600A5BF8C /* PBXTargetDependency */,
			);
			name = ProximityTests;
			productName = ProximityTests;
			productReference = 0A221C091FAD40C600A5BF8C /* ProximityTests.xctest */;
			productType = "com.apple.product-type.bundle.unit-test";
		};
		0A221C131FAD40C700A5BF8C /* ProximityUITests */ = {
			isa = PBXNativeTarget;
			buildConfigurationList = 0A221C231FAD40C700A5BF8C /* Build configuration list for PBXNativeTarget "ProximityUITests" */;
			buildPhases = (
				0A221C101FAD40C700A5BF8C /* Sources */,
				0A221C111FAD40C700A5BF8C /* Frameworks */,
				0A221C121FAD40C700A5BF8C /* Resources */,
			);
			buildRules = (
			);
			dependencies = (
				0A221C161FAD40C700A5BF8C /* PBXTargetDependency */,
			);
			name = ProximityUITests;
			productName = ProximityUITests;
			productReference = 0A221C141FAD40C700A5BF8C /* ProximityUITests.xctest */;
			productType = "com.apple.product-type.bundle.ui-testing";
		};
/* End PBXNativeTarget section */

/* Begin PBXProject section */
		0A221BED1FAD40BE00A5BF8C /* Project object */ = {
			isa = PBXProject;
			attributes = {
				LastSwiftUpdateCheck = 0900;
				LastUpgradeCheck = 0900;
				ORGANIZATIONNAME = "Kevin Zhou";
				TargetAttributes = {
					0A221BF41FAD40C100A5BF8C = {
						CreatedOnToolsVersion = 9.0;
						ProvisioningStyle = Automatic;
					};
					0A221C081FAD40C600A5BF8C = {
						CreatedOnToolsVersion = 9.0;
						ProvisioningStyle = Automatic;
						TestTargetID = 0A221BF41FAD40C100A5BF8C;
					};
					0A221C131FAD40C700A5BF8C = {
						CreatedOnToolsVersion = 9.0;
						ProvisioningStyle = Automatic;
						TestTargetID = 0A221BF41FAD40C100A5BF8C;
					};
				};
			};
			buildConfigurationList = 0A221BF01FAD40BF00A5BF8C /* Build configuration list for PBXProject "Proximity" */;
			compatibilityVersion = "Xcode 8.0";
			developmentRegion = en;
			hasScannedForEncodings = 0;
			knownRegions = (
				en,
				Base,
			);
			mainGroup = 0A221BEC1FAD40BE00A5BF8C;
			productRefGroup = 0A221BF61FAD40C100A5BF8C /* Products */;
			projectDirPath = "";
			projectRoot = "";
			targets = (
				0A221BF41FAD40C100A5BF8C /* Proximity */,
				0A221C081FAD40C600A5BF8C /* ProximityTests */,
				0A221C131FAD40C700A5BF8C /* ProximityUITests */,
			);
		};
/* End PBXProject section */

/* Begin PBXResourcesBuildPhase section */
		0A221BF31FAD40C100A5BF8C /* Resources */ = {
			isa = PBXResourcesBuildPhase;
			buildActionMask = 2147483647;
			files = (
				0A9EB45D1FBD1349008D2EBD /* Raleway-Regular.ttf in Resources */,
				0A9EB45E1FBD1349008D2EBD /* Raleway-SemiBold.ttf in Resources */,
				0A9EB45F1FBD1349008D2EBD /* Raleway-Thin.ttf in Resources */,
				0A5BEC5320150CDA006AC273 /* spinner.gif in Resources */,
				0A221C031FAD40C200A5BF8C /* LaunchScreen.storyboard in Resources */,
				0A221C001FAD40C200A5BF8C /* Assets.xcassets in Resources */,
				0AF7545D1FC4F1B90067B4AE /* GoogleService-Info.plist in Resources */,
				0A221BFE1FAD40C200A5BF8C /* Main.storyboard in Resources */,
			);
			runOnlyForDeploymentPostprocessing = 0;
		};
		0A221C071FAD40C600A5BF8C /* Resources */ = {
			isa = PBXResourcesBuildPhase;
			buildActionMask = 2147483647;
			files = (
			);
			runOnlyForDeploymentPostprocessing = 0;
		};
		0A221C121FAD40C700A5BF8C /* Resources */ = {
			isa = PBXResourcesBuildPhase;
			buildActionMask = 2147483647;
			files = (
			);
			runOnlyForDeploymentPostprocessing = 0;
		};
/* End PBXResourcesBuildPhase section */

/* Begin PBXShellScriptBuildPhase section */
		3920AD43D771EDDB47D89233 /* [CP] Copy Pods Resources */ = {
			isa = PBXShellScriptBuildPhase;
			buildActionMask = 2147483647;
			files = (
			);
			inputPaths = (
				"${SRCROOT}/Pods/Target Support Files/Pods-Proximity/Pods-Proximity-resources.sh",
				"${PODS_ROOT}/GoogleMaps/Maps/Frameworks/GoogleMaps.framework/Resources/GoogleMaps.bundle",
				"${PODS_ROOT}/GooglePlacePicker/Frameworks/GooglePlacePicker.framework/Resources/GooglePlacePicker.bundle",
				"${PODS_ROOT}/GooglePlaces/Frameworks/GooglePlaces.framework/Resources/GooglePlaces.bundle",
			);
			name = "[CP] Copy Pods Resources";
			outputPaths = (
				"${TARGET_BUILD_DIR}/${UNLOCALIZED_RESOURCES_FOLDER_PATH}",
			);
			runOnlyForDeploymentPostprocessing = 0;
			shellPath = /bin/sh;
			shellScript = "\"${SRCROOT}/Pods/Target Support Files/Pods-Proximity/Pods-Proximity-resources.sh\"\n";
			showEnvVarsInLog = 0;
		};
		A930D321F6F7847A2079CDFC /* [CP] Check Pods Manifest.lock */ = {
			isa = PBXShellScriptBuildPhase;
			buildActionMask = 2147483647;
			files = (
			);
			inputPaths = (
				"${PODS_PODFILE_DIR_PATH}/Podfile.lock",
				"${PODS_ROOT}/Manifest.lock",
			);
			name = "[CP] Check Pods Manifest.lock";
			outputPaths = (
				"$(DERIVED_FILE_DIR)/Pods-Proximity-checkManifestLockResult.txt",
			);
			runOnlyForDeploymentPostprocessing = 0;
			shellPath = /bin/sh;
			shellScript = "diff \"${PODS_PODFILE_DIR_PATH}/Podfile.lock\" \"${PODS_ROOT}/Manifest.lock\" > /dev/null\nif [ $? != 0 ] ; then\n    # print error to STDERR\n    echo \"error: The sandbox is not in sync with the Podfile.lock. Run 'pod install' or update your CocoaPods installation.\" >&2\n    exit 1\nfi\n# This output is used by Xcode 'outputs' to avoid re-running this script phase.\necho \"SUCCESS\" > \"${SCRIPT_OUTPUT_FILE_0}\"\n";
			showEnvVarsInLog = 0;
		};
		AA221C57CF53CE476174EF0C /* [CP] Embed Pods Frameworks */ = {
			isa = PBXShellScriptBuildPhase;
			buildActionMask = 2147483647;
			files = (
			);
			inputPaths = (
				"${SRCROOT}/Pods/Target Support Files/Pods-Proximity/Pods-Proximity-frameworks.sh",
				"${BUILT_PRODUCTS_DIR}/Fuse/Fuse.framework",
				"${BUILT_PRODUCTS_DIR}/GTMSessionFetcher/GTMSessionFetcher.framework",
				"${BUILT_PRODUCTS_DIR}/GoogleToolboxForMac/GoogleToolboxForMac.framework",
				"${BUILT_PRODUCTS_DIR}/SwiftGifOrigin/SwiftGifOrigin.framework",
				"${BUILT_PRODUCTS_DIR}/leveldb-library/leveldb.framework",
				"${BUILT_PRODUCTS_DIR}/nanopb/nanopb.framework",
			);
			name = "[CP] Embed Pods Frameworks";
			outputPaths = (
				"${TARGET_BUILD_DIR}/${FRAMEWORKS_FOLDER_PATH}/Fuse.framework",
				"${TARGET_BUILD_DIR}/${FRAMEWORKS_FOLDER_PATH}/GTMSessionFetcher.framework",
				"${TARGET_BUILD_DIR}/${FRAMEWORKS_FOLDER_PATH}/GoogleToolboxForMac.framework",
				"${TARGET_BUILD_DIR}/${FRAMEWORKS_FOLDER_PATH}/SwiftGifOrigin.framework",
				"${TARGET_BUILD_DIR}/${FRAMEWORKS_FOLDER_PATH}/leveldb.framework",
				"${TARGET_BUILD_DIR}/${FRAMEWORKS_FOLDER_PATH}/nanopb.framework",
			);
			runOnlyForDeploymentPostprocessing = 0;
			shellPath = /bin/sh;
			shellScript = "\"${SRCROOT}/Pods/Target Support Files/Pods-Proximity/Pods-Proximity-frameworks.sh\"\n";
			showEnvVarsInLog = 0;
		};
/* End PBXShellScriptBuildPhase section */

/* Begin PBXSourcesBuildPhase section */
		0A221BF11FAD40C100A5BF8C /* Sources */ = {
			isa = PBXSourcesBuildPhase;
			buildActionMask = 2147483647;
			files = (
				0A221C3C1FAFB9FB00A5BF8C /* ProfileViewController.swift in Sources */,
				0A2B16531FAFDF12005F8DF6 /* FirebaseHelper.swift in Sources */,
				0A10069D201691A800FA3A1D /* GuillotineMenuTransitionAnimation.swift in Sources */,
				0A3E5285200EC33C002BA2B5 /* StartingViewController.swift in Sources */,
				0A5BEC4A2014F52A006AC273 /* BubbleTransition.swift in Sources */,
				0A221C321FAFB96F00A5BF8C /* ChatViewController.swift in Sources */,
				0A6CBD301FFE6C420028113D /* DisplayImageView.swift in Sources */,
				0A221BF91FAD40C200A5BF8C /* AppDelegate.swift in Sources */,
				0AF322AB1FCB8B3200FC7CC4 /* RegistrationViewController.swift in Sources */,
				0A54895C1FD4656E009F4F7D /* ChatMessageCell.swift in Sources */,
				0A221C381FAFB9AF00A5BF8C /* AddViewController.swift in Sources */,
				0A308D6D1FCCF43A00A6EF0E /* ForgotPasswordViewController.swift in Sources */,
				0A221C361FAFB99300A5BF8C /* SettingsViewController.swift in Sources */,
				0A95D4591FE2097F00F657A9 /* PlaceViewerViewController.swift in Sources */,
				0AF7545F1FC60A910067B4AE /* SignInViewController.swift in Sources */,
				0A2B16551FAFDF4B005F8DF6 /* ClassStructs.swift in Sources */,
				0A5BEC4B2014F52A006AC273 /* TransitionMode.swift in Sources */,
				0A221C3A1FAFB9BA00A5BF8C /* CreateChatViewController.swift in Sources */,
				0A2B16571FAFF63D005F8DF6 /* SelectionView.swift in Sources */,
			);
			runOnlyForDeploymentPostprocessing = 0;
		};
		0A221C051FAD40C600A5BF8C /* Sources */ = {
			isa = PBXSourcesBuildPhase;
			buildActionMask = 2147483647;
			files = (
				0A221C0E1FAD40C700A5BF8C /* ProximityTests.swift in Sources */,
			);
			runOnlyForDeploymentPostprocessing = 0;
		};
		0A221C101FAD40C700A5BF8C /* Sources */ = {
			isa = PBXSourcesBuildPhase;
			buildActionMask = 2147483647;
			files = (
				0A221C191FAD40C700A5BF8C /* ProximityUITests.swift in Sources */,
			);
			runOnlyForDeploymentPostprocessing = 0;
		};
/* End PBXSourcesBuildPhase section */

/* Begin PBXTargetDependency section */
		0A221C0B1FAD40C600A5BF8C /* PBXTargetDependency */ = {
			isa = PBXTargetDependency;
			target = 0A221BF41FAD40C100A5BF8C /* Proximity */;
			targetProxy = 0A221C0A1FAD40C600A5BF8C /* PBXContainerItemProxy */;
		};
		0A221C161FAD40C700A5BF8C /* PBXTargetDependency */ = {
			isa = PBXTargetDependency;
			target = 0A221BF41FAD40C100A5BF8C /* Proximity */;
			targetProxy = 0A221C151FAD40C700A5BF8C /* PBXContainerItemProxy */;
		};
/* End PBXTargetDependency section */

/* Begin PBXVariantGroup section */
		0A221BFC1FAD40C200A5BF8C /* Main.storyboard */ = {
			isa = PBXVariantGroup;
			children = (
				0A221BFD1FAD40C200A5BF8C /* Base */,
			);
			name = Main.storyboard;
			sourceTree = "<group>";
		};
		0A221C011FAD40C200A5BF8C /* LaunchScreen.storyboard */ = {
			isa = PBXVariantGroup;
			children = (
				0A221C021FAD40C200A5BF8C /* Base */,
			);
			name = LaunchScreen.storyboard;
			sourceTree = "<group>";
		};
/* End PBXVariantGroup section */

/* Begin XCBuildConfiguration section */
		0A221C1B1FAD40C700A5BF8C /* Debug */ = {
			isa = XCBuildConfiguration;
			buildSettings = {
				ALWAYS_SEARCH_USER_PATHS = NO;
				CLANG_ANALYZER_NONNULL = YES;
				CLANG_ANALYZER_NUMBER_OBJECT_CONVERSION = YES_AGGRESSIVE;
				CLANG_CXX_LANGUAGE_STANDARD = "gnu++14";
				CLANG_CXX_LIBRARY = "libc++";
				CLANG_ENABLE_MODULES = YES;
				CLANG_ENABLE_OBJC_ARC = YES;
				CLANG_WARN_BLOCK_CAPTURE_AUTORELEASING = YES;
				CLANG_WARN_BOOL_CONVERSION = YES;
				CLANG_WARN_COMMA = YES;
				CLANG_WARN_CONSTANT_CONVERSION = YES;
				CLANG_WARN_DIRECT_OBJC_ISA_USAGE = YES_ERROR;
				CLANG_WARN_DOCUMENTATION_COMMENTS = YES;
				CLANG_WARN_EMPTY_BODY = YES;
				CLANG_WARN_ENUM_CONVERSION = YES;
				CLANG_WARN_INFINITE_RECURSION = YES;
				CLANG_WARN_INT_CONVERSION = YES;
				CLANG_WARN_NON_LITERAL_NULL_CONVERSION = YES;
				CLANG_WARN_OBJC_LITERAL_CONVERSION = YES;
				CLANG_WARN_OBJC_ROOT_CLASS = YES_ERROR;
				CLANG_WARN_RANGE_LOOP_ANALYSIS = YES;
				CLANG_WARN_STRICT_PROTOTYPES = YES;
				CLANG_WARN_SUSPICIOUS_MOVE = YES;
				CLANG_WARN_UNGUARDED_AVAILABILITY = YES_AGGRESSIVE;
				CLANG_WARN_UNREACHABLE_CODE = YES;
				CLANG_WARN__DUPLICATE_METHOD_MATCH = YES;
				CODE_SIGN_IDENTITY = "iPhone Developer";
				COPY_PHASE_STRIP = NO;
				DEBUG_INFORMATION_FORMAT = dwarf;
				ENABLE_STRICT_OBJC_MSGSEND = YES;
				ENABLE_TESTABILITY = YES;
				GCC_C_LANGUAGE_STANDARD = gnu11;
				GCC_DYNAMIC_NO_PIC = NO;
				GCC_NO_COMMON_BLOCKS = YES;
				GCC_OPTIMIZATION_LEVEL = 0;
				GCC_PREPROCESSOR_DEFINITIONS = (
					"DEBUG=1",
					"$(inherited)",
				);
				GCC_WARN_64_TO_32_BIT_CONVERSION = YES;
				GCC_WARN_ABOUT_RETURN_TYPE = YES_ERROR;
				GCC_WARN_UNDECLARED_SELECTOR = YES;
				GCC_WARN_UNINITIALIZED_AUTOS = YES_AGGRESSIVE;
				GCC_WARN_UNUSED_FUNCTION = YES;
				GCC_WARN_UNUSED_VARIABLE = YES;
				IPHONEOS_DEPLOYMENT_TARGET = 11.0;
				MTL_ENABLE_DEBUG_INFO = YES;
				ONLY_ACTIVE_ARCH = YES;
				OTHER_LDFLAGS = "";
				SDKROOT = iphoneos;
				SWIFT_ACTIVE_COMPILATION_CONDITIONS = DEBUG;
				SWIFT_OPTIMIZATION_LEVEL = "-Onone";
			};
			name = Debug;
		};
		0A221C1C1FAD40C700A5BF8C /* Release */ = {
			isa = XCBuildConfiguration;
			buildSettings = {
				ALWAYS_SEARCH_USER_PATHS = NO;
				CLANG_ANALYZER_NONNULL = YES;
				CLANG_ANALYZER_NUMBER_OBJECT_CONVERSION = YES_AGGRESSIVE;
				CLANG_CXX_LANGUAGE_STANDARD = "gnu++14";
				CLANG_CXX_LIBRARY = "libc++";
				CLANG_ENABLE_MODULES = YES;
				CLANG_ENABLE_OBJC_ARC = YES;
				CLANG_WARN_BLOCK_CAPTURE_AUTORELEASING = YES;
				CLANG_WARN_BOOL_CONVERSION = YES;
				CLANG_WARN_COMMA = YES;
				CLANG_WARN_CONSTANT_CONVERSION = YES;
				CLANG_WARN_DIRECT_OBJC_ISA_USAGE = YES_ERROR;
				CLANG_WARN_DOCUMENTATION_COMMENTS = YES;
				CLANG_WARN_EMPTY_BODY = YES;
				CLANG_WARN_ENUM_CONVERSION = YES;
				CLANG_WARN_INFINITE_RECURSION = YES;
				CLANG_WARN_INT_CONVERSION = YES;
				CLANG_WARN_NON_LITERAL_NULL_CONVERSION = YES;
				CLANG_WARN_OBJC_LITERAL_CONVERSION = YES;
				CLANG_WARN_OBJC_ROOT_CLASS = YES_ERROR;
				CLANG_WARN_RANGE_LOOP_ANALYSIS = YES;
				CLANG_WARN_STRICT_PROTOTYPES = YES;
				CLANG_WARN_SUSPICIOUS_MOVE = YES;
				CLANG_WARN_UNGUARDED_AVAILABILITY = YES_AGGRESSIVE;
				CLANG_WARN_UNREACHABLE_CODE = YES;
				CLANG_WARN__DUPLICATE_METHOD_MATCH = YES;
				CODE_SIGN_IDENTITY = "iPhone Developer";
				COPY_PHASE_STRIP = NO;
				DEBUG_INFORMATION_FORMAT = "dwarf-with-dsym";
				ENABLE_NS_ASSERTIONS = NO;
				ENABLE_STRICT_OBJC_MSGSEND = YES;
				GCC_C_LANGUAGE_STANDARD = gnu11;
				GCC_NO_COMMON_BLOCKS = YES;
				GCC_WARN_64_TO_32_BIT_CONVERSION = YES;
				GCC_WARN_ABOUT_RETURN_TYPE = YES_ERROR;
				GCC_WARN_UNDECLARED_SELECTOR = YES;
				GCC_WARN_UNINITIALIZED_AUTOS = YES_AGGRESSIVE;
				GCC_WARN_UNUSED_FUNCTION = YES;
				GCC_WARN_UNUSED_VARIABLE = YES;
				IPHONEOS_DEPLOYMENT_TARGET = 11.0;
				MTL_ENABLE_DEBUG_INFO = NO;
				OTHER_LDFLAGS = "";
				SDKROOT = iphoneos;
				SWIFT_OPTIMIZATION_LEVEL = "-Owholemodule";
				VALIDATE_PRODUCT = YES;
			};
			name = Release;
		};
		0A221C1E1FAD40C700A5BF8C /* Debug */ = {
			isa = XCBuildConfiguration;
			baseConfigurationReference = BD20C0B88AE16CD5C0B66D05 /* Pods-Proximity.debug.xcconfig */;
			buildSettings = {
				ASSETCATALOG_COMPILER_APPICON_NAME = AppIcon;
				CODE_SIGN_STYLE = Automatic;
				DEVELOPMENT_TEAM = L8XDXNFNKF;
				INFOPLIST_FILE = Proximity/Info.plist;
				LD_RUNPATH_SEARCH_PATHS = "$(inherited) @executable_path/Frameworks";
				PRODUCT_BUNDLE_IDENTIFIER = us.happybunny.Proximity;
				PRODUCT_NAME = "$(TARGET_NAME)";
				SWIFT_VERSION = 4.0;
				TARGETED_DEVICE_FAMILY = "1,2";
			};
			name = Debug;
		};
		0A221C1F1FAD40C700A5BF8C /* Release */ = {
			isa = XCBuildConfiguration;
			baseConfigurationReference = EF72228E2B506610CA7ABA3F /* Pods-Proximity.release.xcconfig */;
			buildSettings = {
				ASSETCATALOG_COMPILER_APPICON_NAME = AppIcon;
				CODE_SIGN_STYLE = Automatic;
				DEVELOPMENT_TEAM = L8XDXNFNKF;
				INFOPLIST_FILE = Proximity/Info.plist;
				LD_RUNPATH_SEARCH_PATHS = "$(inherited) @executable_path/Frameworks";
				PRODUCT_BUNDLE_IDENTIFIER = us.happybunny.Proximity;
				PRODUCT_NAME = "$(TARGET_NAME)";
				SWIFT_VERSION = 4.0;
				TARGETED_DEVICE_FAMILY = "1,2";
			};
			name = Release;
		};
		0A221C211FAD40C700A5BF8C /* Debug */ = {
			isa = XCBuildConfiguration;
			buildSettings = {
				ALWAYS_EMBED_SWIFT_STANDARD_LIBRARIES = YES;
				BUNDLE_LOADER = "$(TEST_HOST)";
				CODE_SIGN_STYLE = Automatic;
				DEVELOPMENT_TEAM = L8XDXNFNKF;
				INFOPLIST_FILE = ProximityTests/Info.plist;
				LD_RUNPATH_SEARCH_PATHS = "$(inherited) @executable_path/Frameworks @loader_path/Frameworks";
				PRODUCT_BUNDLE_IDENTIFIER = us.happybunny.ProximityTests;
				PRODUCT_NAME = "$(TARGET_NAME)";
				SWIFT_VERSION = 4.0;
				TARGETED_DEVICE_FAMILY = "1,2";
				TEST_HOST = "$(BUILT_PRODUCTS_DIR)/Proximity.app/Proximity";
			};
			name = Debug;
		};
		0A221C221FAD40C700A5BF8C /* Release */ = {
			isa = XCBuildConfiguration;
			buildSettings = {
				ALWAYS_EMBED_SWIFT_STANDARD_LIBRARIES = YES;
				BUNDLE_LOADER = "$(TEST_HOST)";
				CODE_SIGN_STYLE = Automatic;
				DEVELOPMENT_TEAM = L8XDXNFNKF;
				INFOPLIST_FILE = ProximityTests/Info.plist;
				LD_RUNPATH_SEARCH_PATHS = "$(inherited) @executable_path/Frameworks @loader_path/Frameworks";
				PRODUCT_BUNDLE_IDENTIFIER = us.happybunny.ProximityTests;
				PRODUCT_NAME = "$(TARGET_NAME)";
				SWIFT_VERSION = 4.0;
				TARGETED_DEVICE_FAMILY = "1,2";
				TEST_HOST = "$(BUILT_PRODUCTS_DIR)/Proximity.app/Proximity";
			};
			name = Release;
		};
		0A221C241FAD40C700A5BF8C /* Debug */ = {
			isa = XCBuildConfiguration;
			buildSettings = {
				ALWAYS_EMBED_SWIFT_STANDARD_LIBRARIES = YES;
				CODE_SIGN_STYLE = Automatic;
				DEVELOPMENT_TEAM = L8XDXNFNKF;
				INFOPLIST_FILE = ProximityUITests/Info.plist;
				LD_RUNPATH_SEARCH_PATHS = "$(inherited) @executable_path/Frameworks @loader_path/Frameworks";
				PRODUCT_BUNDLE_IDENTIFIER = us.happybunny.ProximityUITests;
				PRODUCT_NAME = "$(TARGET_NAME)";
				SWIFT_VERSION = 4.0;
				TARGETED_DEVICE_FAMILY = "1,2";
				TEST_TARGET_NAME = Proximity;
			};
			name = Debug;
		};
		0A221C251FAD40C700A5BF8C /* Release */ = {
			isa = XCBuildConfiguration;
			buildSettings = {
				ALWAYS_EMBED_SWIFT_STANDARD_LIBRARIES = YES;
				CODE_SIGN_STYLE = Automatic;
				DEVELOPMENT_TEAM = L8XDXNFNKF;
				INFOPLIST_FILE = ProximityUITests/Info.plist;
				LD_RUNPATH_SEARCH_PATHS = "$(inherited) @executable_path/Frameworks @loader_path/Frameworks";
				PRODUCT_BUNDLE_IDENTIFIER = us.happybunny.ProximityUITests;
				PRODUCT_NAME = "$(TARGET_NAME)";
				SWIFT_VERSION = 4.0;
				TARGETED_DEVICE_FAMILY = "1,2";
				TEST_TARGET_NAME = Proximity;
			};
			name = Release;
		};
/* End XCBuildConfiguration section */

/* Begin XCConfigurationList section */
		0A221BF01FAD40BF00A5BF8C /* Build configuration list for PBXProject "Proximity" */ = {
			isa = XCConfigurationList;
			buildConfigurations = (
				0A221C1B1FAD40C700A5BF8C /* Debug */,
				0A221C1C1FAD40C700A5BF8C /* Release */,
			);
			defaultConfigurationIsVisible = 0;
			defaultConfigurationName = Release;
		};
		0A221C1D1FAD40C700A5BF8C /* Build configuration list for PBXNativeTarget "Proximity" */ = {
			isa = XCConfigurationList;
			buildConfigurations = (
				0A221C1E1FAD40C700A5BF8C /* Debug */,
				0A221C1F1FAD40C700A5BF8C /* Release */,
			);
			defaultConfigurationIsVisible = 0;
			defaultConfigurationName = Release;
		};
		0A221C201FAD40C700A5BF8C /* Build configuration list for PBXNativeTarget "ProximityTests" */ = {
			isa = XCConfigurationList;
			buildConfigurations = (
				0A221C211FAD40C700A5BF8C /* Debug */,
				0A221C221FAD40C700A5BF8C /* Release */,
			);
			defaultConfigurationIsVisible = 0;
			defaultConfigurationName = Release;
		};
		0A221C231FAD40C700A5BF8C /* Build configuration list for PBXNativeTarget "ProximityUITests" */ = {
			isa = XCConfigurationList;
			buildConfigurations = (
				0A221C241FAD40C700A5BF8C /* Debug */,
				0A221C251FAD40C700A5BF8C /* Release */,
			);
			defaultConfigurationIsVisible = 0;
			defaultConfigurationName = Release;
		};
/* End XCConfigurationList section */
	};
	rootObject = 0A221BED1FAD40BE00A5BF8C /* Project object */;
}
